
Microsoft Visual Studio Solution File, Format Version 12.00
# Visual Studio Version 16
VisualStudioVersion = 16.0.31424.327
MinimumVisualStudioVersion = 10.0.40219.1
Project("{FAE04EC0-301F-11D3-BF4B-00C04F79EFBC}") = "OnlineAuction", "OnlineAuction.csproj", "{80280721-0BE4-4921-B676-F3356AB43509}"
EndProject
Global
	GlobalSection(SolutionConfigurationPlatforms) = preSolution
		Debug|Any CPU = Debug|Any CPU
		Release|Any CPU = Release|Any CPU
	EndGlobalSection
	GlobalSection(ProjectConfigurationPlatforms) = postSolution
		{80280721-0BE4-4921-B676-F3356AB43509}.Debug|Any CPU.ActiveCfg = Debug|Any CPU
		{80280721-0BE4-4921-B676-F3356AB43509}.Debug|Any CPU.Build.0 = Debug|Any CPU
		{80280721-0BE4-4921-B676-F3356AB43509}.Release|Any CPU.ActiveCfg = Release|Any CPU
		{80280721-0BE4-4921-B676-F3356AB43509}.Release|Any CPU.Build.0 = Release|Any CPU
	EndGlobalSection
	GlobalSection(SolutionProperties) = preSolution
		HideSolutionNode = FALSE
	EndGlobalSection
	GlobalSection(ExtensibilityGlobals) = postSolution
		SolutionGuid = {80B9091B-31FE-4979-8916-CEAAFBF9B2A2}
	EndGlobalSection
EndGlobal
